
Microsoft Visual Studio Solution File, Format Version 12.00
# Visual Studio 15
VisualStudioVersion = 15.0.28307.572
MinimumVisualStudioVersion = 10.0.40219.1
Project("{FAE04EC0-301F-11D3-BF4B-00C04F79EFBC}") = "myTestWebApplication", "myTestWebApplication\myTestWebApplication.csproj", "{EC8AD12A-0ECA-433A-B91D-A4E6F5B4E34E}"
EndProject
Global
	GlobalSection(SolutionConfigurationPlatforms) = preSolution
		Debug|Any CPU = Debug|Any CPU
		Release|Any CPU = Release|Any CPU
	EndGlobalSection
	GlobalSection(ProjectConfigurationPlatforms) = postSolution
		{EC8AD12A-0ECA-433A-B91D-A4E6F5B4E34E}.Debug|Any CPU.ActiveCfg = Debug|Any CPU
		{EC8AD12A-0ECA-433A-B91D-A4E6F5B4E34E}.Debug|Any CPU.Build.0 = Debug|Any CPU
		{EC8AD12A-0ECA-433A-B91D-A4E6F5B4E34E}.Release|Any CPU.ActiveCfg = Release|Any CPU
		{EC8AD12A-0ECA-433A-B91D-A4E6F5B4E34E}.Release|Any CPU.Build.0 = Release|Any CPU
	EndGlobalSection
	GlobalSection(SolutionProperties) = preSolution
		HideSolutionNode = FALSE
	EndGlobalSection
	GlobalSection(ExtensibilityGlobals) = postSolution
		SolutionGuid = {833B570B-B5AA-4816-992A-5BF95FE040E2}
	EndGlobalSection
EndGlobal
